{
	"name": "hackathon_2022_function",
	"version": "1.0.0",
	"lockfileVersion": 1,
	"requires": true,
	"dependencies": {
		"zcatalyst-sdk-node": {
			"version": "2.2.1",
			"resolved": "https://registry.npmjs.org/zcatalyst-sdk-node/-/zcatalyst-sdk-node-2.2.1.tgz",
			"integrity": "sha512-1pDSshhejxc9OeNgteUM9kkqDsKBL+1dyyUBtsL5tzI8cuzS/pPhdNPMEkmZru/x7+LlgJQnt59Ti/CYlBqrww=="
		}
	}
}
